Microsoft Visual Studio Solution File, Format Version 12.00
# Visual Studio Version 17
VisualStudioVersion = 17.5.2.0
MinimumVisualStudioVersion = 10.0.40219.1
Project("{FAE04EC0-301F-11D3-BF4B-00C04F79EFBC}") = "pdf-two-step-sign", "pdf-two-step-sign.csproj", "{91923F54-F439-9ACB-EE0E-EBC47D040F34}"
EndProject
Global
	GlobalSection(SolutionConfigurationPlatforms) = preSolution
		Debug|Any CPU = Debug|Any CPU
		Release|Any CPU = Release|Any CPU
	EndGlobalSection
	GlobalSection(ProjectConfigurationPlatforms) = postSolution
		{91923F54-F439-9ACB-EE0E-EBC47D040F34}.Debug|Any CPU.ActiveCfg = Debug|Any CPU
		{91923F54-F439-9ACB-EE0E-EBC47D040F34}.Debug|Any CPU.Build.0 = Debug|Any CPU
		{91923F54-F439-9ACB-EE0E-EBC47D040F34}.Release|Any CPU.ActiveCfg = Release|Any CPU
		{91923F54-F439-9ACB-EE0E-EBC47D040F34}.Release|Any CPU.Build.0 = Release|Any CPU
	EndGlobalSection
	GlobalSection(SolutionProperties) = preSolution
		HideSolutionNode = FALSE
	EndGlobalSection
	GlobalSection(ExtensibilityGlobals) = postSolution
		SolutionGuid = {BC3120DB-FB54-4ED8-AD91-C4974E6A1150}
	EndGlobalSection
EndGlobal
